
Microsoft Visual Studio Solution File, Format Version 12.00
# Visual Studio Version 17
VisualStudioVersion = 17.4.33110.190
MinimumVisualStudioVersion = 10.0.40219.1
Project("{2150E333-8FDC-42A3-9474-1A3956D46DE8}") = "src", "src", "{B5EFC87D-E5C5-488E-AA89-06D26027E4C7}"
EndProject
Project("{2150E333-8FDC-42A3-9474-1A3956D46DE8}") = "test", "test", "{E864826B-B5D2-4DAD-B53A-2A3976226B53}"
EndProject
Project("{2150E333-8FDC-42A3-9474-1A3956D46DE8}") = ".misc", ".misc", "{9930EAFC-568F-4676-82AB-2B8F9D7535B3}"
	ProjectSection(SolutionItems) = preProject
		.gitignore = .gitignore
		GitVersion.yml = GitVersion.yml
		License.md = License.md
		README.md = README.md
	EndProjectSection
EndProject
Project("{2150E333-8FDC-42A3-9474-1A3956D46DE8}") = "github", "github", "{FB8FCDD0-A3D4-4776-85E0-C47ECFB3D310}"
	ProjectSection(SolutionItems) = preProject
		.github\workflows\CI-Build.yml = .github\workflows\CI-Build.yml
		.github\workflows\codeql.yml = .github\workflows\codeql.yml
	EndProjectSection
EndProject
Project("{9A19103F-16F7-4668-BE54-9A1E7A4F7556}") = "FeatureOn", "src\FeatureOn\FeatureOn.csproj", "{4A778AE0-529E-4EE2-953F-9B7FFB982F14}"
EndProject
Project("{9A19103F-16F7-4668-BE54-9A1E7A4F7556}") = "FeatureOn.Tests", "test\FeatureOn.Tests\FeatureOn.Tests.csproj", "{A0E75FB8-73DB-4321-9B29-EBDE27741911}"
EndProject
Global
	GlobalSection(SolutionConfigurationPlatforms) = preSolution
		Debug|Any CPU = Debug|Any CPU
		Release|Any CPU = Release|Any CPU
	EndGlobalSection
	GlobalSection(ProjectConfigurationPlatforms) = postSolution
		{4A778AE0-529E-4EE2-953F-9B7FFB982F14}.Debug|Any CPU.ActiveCfg = Debug|Any CPU
		{4A778AE0-529E-4EE2-953F-9B7FFB982F14}.Debug|Any CPU.Build.0 = Debug|Any CPU
		{4A778AE0-529E-4EE2-953F-9B7FFB982F14}.Release|Any CPU.ActiveCfg = Release|Any CPU
		{4A778AE0-529E-4EE2-953F-9B7FFB982F14}.Release|Any CPU.Build.0 = Release|Any CPU
		{A0E75FB8-73DB-4321-9B29-EBDE27741911}.Debug|Any CPU.ActiveCfg = Debug|Any CPU
		{A0E75FB8-73DB-4321-9B29-EBDE27741911}.Debug|Any CPU.Build.0 = Debug|Any CPU
		{A0E75FB8-73DB-4321-9B29-EBDE27741911}.Release|Any CPU.ActiveCfg = Release|Any CPU
		{A0E75FB8-73DB-4321-9B29-EBDE27741911}.Release|Any CPU.Build.0 = Release|Any CPU
	EndGlobalSection
	GlobalSection(SolutionProperties) = preSolution
		HideSolutionNode = FALSE
	EndGlobalSection
	GlobalSection(NestedProjects) = preSolution
		{FB8FCDD0-A3D4-4776-85E0-C47ECFB3D310} = {9930EAFC-568F-4676-82AB-2B8F9D7535B3}
		{4A778AE0-529E-4EE2-953F-9B7FFB982F14} = {B5EFC87D-E5C5-488E-AA89-06D26027E4C7}
		{A0E75FB8-73DB-4321-9B29-EBDE27741911} = {E864826B-B5D2-4DAD-B53A-2A3976226B53}
	EndGlobalSection
	GlobalSection(ExtensibilityGlobals) = postSolution
		SolutionGuid = {745CC402-145C-4E31-BAB7-DA93F8292512}
	EndGlobalSection
EndGlobal
